
Microsoft Visual Studio Solution File, Format Version 12.00
# Visual Studio Version 16
VisualStudioVersion = 16.0.30907.101
MinimumVisualStudioVersion = 10.0.40219.1
Project("{2150E333-8FDC-42A3-9474-1A3956D46DE8}") = "src", "src", "{4ED01328-0F17-40D4-A87F-A516439E8773}"
EndProject
Project("{2150E333-8FDC-42A3-9474-1A3956D46DE8}") = "Ordering", "Ordering", "{4994E907-BA7C-4B93-BD30-A2F4BA348E2D}"
EndProject
Project("{FAE04EC0-301F-11D3-BF4B-00C04F79EFBC}") = "Ordering.API", "src\Ordering\Ordering.API\Ordering.API.csproj", "{B00BA796-3AF7-4CB8-A726-7D46AB98C629}"
EndProject
Project("{FAE04EC0-301F-11D3-BF4B-00C04F79EFBC}") = "Ordering.Application", "src\Ordering\Ordering.Application\Ordering.Application.csproj", "{BA4322F1-2B93-4DA2-8729-A20A0A1C0DA9}"
EndProject
Project("{FAE04EC0-301F-11D3-BF4B-00C04F79EFBC}") = "Ordering.Core", "src\Ordering\Ordering.Core\Ordering.Core.csproj", "{F9C0941C-4807-4EE3-AA14-93DE03B86C5B}"
EndProject
Project("{FAE04EC0-301F-11D3-BF4B-00C04F79EFBC}") = "Ordering.Infrastructure", "src\Ordering\Ordering.Infrastructure\Ordering.Infrastructure.csproj", "{FEB451C1-C820-4B06-B67B-B6E44C8C1349}"
EndProject
Project("{2150E333-8FDC-42A3-9474-1A3956D46DE8}") = "Common", "Common", "{45718841-A48F-4371-9962-6CC759E89B7F}"
EndProject
Project("{FAE04EC0-301F-11D3-BF4B-00C04F79EFBC}") = "EventBusRabbitMQ", "src\Common\EventBusRabbitMQ\EventBusRabbitMQ.csproj", "{49FE2BA3-0A35-48FA-AEEE-E98FCF844B7A}"
EndProject
Project("{2150E333-8FDC-42A3-9474-1A3956D46DE8}") = "APIGateway", "APIGateway", "{B6250F2E-AA17-43AF-A01E-26E20AD2082F}"
EndProject
Project("{2150E333-8FDC-42A3-9474-1A3956D46DE8}") = "Basket", "Basket", "{A8B2C115-3D83-44BD-ADD8-371F751AA460}"
EndProject
Project("{2150E333-8FDC-42A3-9474-1A3956D46DE8}") = "Catalog", "Catalog", "{9F426505-C082-4257-8BB2-56B9556F7E74}"
EndProject
Project("{FAE04EC0-301F-11D3-BF4B-00C04F79EFBC}") = "OcelotAPIGateway", "src\APIGateway\OcelotAPIGateway\OcelotAPIGateway.csproj", "{639AD18E-C13B-4FC3-93D5-115DE97073FC}"
EndProject
Project("{FAE04EC0-301F-11D3-BF4B-00C04F79EFBC}") = "Basket.API", "src\Basket\Basket.API\Basket.API.csproj", "{42AAA216-9001-487E-BD69-BC9EE0DA7EFF}"
EndProject
Project("{FAE04EC0-301F-11D3-BF4B-00C04F79EFBC}") = "Catalog.API", "src\Catalog\Catalog.API\Catalog.API.csproj", "{00C98229-7BB0-4131-887A-170BE2374C8D}"
EndProject
Project("{E53339B2-1760-4266-BCC7-CA923CBCF16C}") = "docker-compose", "docker-compose.dcproj", "{35D9032D-9867-4E49-9751-F286037929EC}"
EndProject
Global
	GlobalSection(SolutionConfigurationPlatforms) = preSolution
		Debug|Any CPU = Debug|Any CPU
		Release|Any CPU = Release|Any CPU
	EndGlobalSection
	GlobalSection(ProjectConfigurationPlatforms) = postSolution
		{B00BA796-3AF7-4CB8-A726-7D46AB98C629}.Debug|Any CPU.ActiveCfg = Debug|Any CPU
		{B00BA796-3AF7-4CB8-A726-7D46AB98C629}.Debug|Any CPU.Build.0 = Debug|Any CPU
		{B00BA796-3AF7-4CB8-A726-7D46AB98C629}.Release|Any CPU.ActiveCfg = Release|Any CPU
		{B00BA796-3AF7-4CB8-A726-7D46AB98C629}.Release|Any CPU.Build.0 = Release|Any CPU
		{BA4322F1-2B93-4DA2-8729-A20A0A1C0DA9}.Debug|Any CPU.ActiveCfg = Debug|Any CPU
		{BA4322F1-2B93-4DA2-8729-A20A0A1C0DA9}.Debug|Any CPU.Build.0 = Debug|Any CPU
		{BA4322F1-2B93-4DA2-8729-A20A0A1C0DA9}.Release|Any CPU.ActiveCfg = Release|Any CPU
		{BA4322F1-2B93-4DA2-8729-A20A0A1C0DA9}.Release|Any CPU.Build.0 = Release|Any CPU
		{F9C0941C-4807-4EE3-AA14-93DE03B86C5B}.Debug|Any CPU.ActiveCfg = Debug|Any CPU
		{F9C0941C-4807-4EE3-AA14-93DE03B86C5B}.Debug|Any CPU.Build.0 = Debug|Any CPU
		{F9C0941C-4807-4EE3-AA14-93DE03B86C5B}.Release|Any CPU.ActiveCfg = Release|Any CPU
		{F9C0941C-4807-4EE3-AA14-93DE03B86C5B}.Release|Any CPU.Build.0 = Release|Any CPU
		{FEB451C1-C820-4B06-B67B-B6E44C8C1349}.Debug|Any CPU.ActiveCfg = Debug|Any CPU
		{FEB451C1-C820-4B06-B67B-B6E44C8C1349}.Debug|Any CPU.Build.0 = Debug|Any CPU
		{FEB451C1-C820-4B06-B67B-B6E44C8C1349}.Release|Any CPU.ActiveCfg = Release|Any CPU
		{FEB451C1-C820-4B06-B67B-B6E44C8C1349}.Release|Any CPU.Build.0 = Release|Any CPU
		{49FE2BA3-0A35-48FA-AEEE-E98FCF844B7A}.Debug|Any CPU.ActiveCfg = Debug|Any CPU
		{49FE2BA3-0A35-48FA-AEEE-E98FCF844B7A}.Debug|Any CPU.Build.0 = Debug|Any CPU
		{49FE2BA3-0A35-48FA-AEEE-E98FCF844B7A}.Release|Any CPU.ActiveCfg = Release|Any CPU
		{49FE2BA3-0A35-48FA-AEEE-E98FCF844B7A}.Release|Any CPU.Build.0 = Release|Any CPU
		{639AD18E-C13B-4FC3-93D5-115DE97073FC}.Debug|Any CPU.ActiveCfg = Debug|Any CPU
		{639AD18E-C13B-4FC3-93D5-115DE97073FC}.Debug|Any CPU.Build.0 = Debug|Any CPU
		{639AD18E-C13B-4FC3-93D5-115DE97073FC}.Release|Any CPU.ActiveCfg = Release|Any CPU
		{639AD18E-C13B-4FC3-93D5-115DE97073FC}.Release|Any CPU.Build.0 = Release|Any CPU
		{42AAA216-9001-487E-BD69-BC9EE0DA7EFF}.Debug|Any CPU.ActiveCfg = Debug|Any CPU
		{42AAA216-9001-487E-BD69-BC9EE0DA7EFF}.Debug|Any CPU.Build.0 = Debug|Any CPU
		{42AAA216-9001-487E-BD69-BC9EE0DA7EFF}.Release|Any CPU.ActiveCfg = Release|Any CPU
		{42AAA216-9001-487E-BD69-BC9EE0DA7EFF}.Release|Any CPU.Build.0 = Release|Any CPU
		{00C98229-7BB0-4131-887A-170BE2374C8D}.Debug|Any CPU.ActiveCfg = Debug|Any CPU
		{00C98229-7BB0-4131-887A-170BE2374C8D}.Debug|Any CPU.Build.0 = Debug|Any CPU
		{00C98229-7BB0-4131-887A-170BE2374C8D}.Release|Any CPU.ActiveCfg = Release|Any CPU
		{00C98229-7BB0-4131-887A-170BE2374C8D}.Release|Any CPU.Build.0 = Release|Any CPU
		{35D9032D-9867-4E49-9751-F286037929EC}.Debug|Any CPU.ActiveCfg = Debug|Any CPU
		{35D9032D-9867-4E49-9751-F286037929EC}.Debug|Any CPU.Build.0 = Debug|Any CPU
		{35D9032D-9867-4E49-9751-F286037929EC}.Release|Any CPU.ActiveCfg = Release|Any CPU
		{35D9032D-9867-4E49-9751-F286037929EC}.Release|Any CPU.Build.0 = Release|Any CPU
	EndGlobalSection
	GlobalSection(SolutionProperties) = preSolution
		HideSolutionNode = FALSE
	EndGlobalSection
	GlobalSection(NestedProjects) = preSolution
		{4994E907-BA7C-4B93-BD30-A2F4BA348E2D} = {4ED01328-0F17-40D4-A87F-A516439E8773}
		{B00BA796-3AF7-4CB8-A726-7D46AB98C629} = {4994E907-BA7C-4B93-BD30-A2F4BA348E2D}
		{BA4322F1-2B93-4DA2-8729-A20A0A1C0DA9} = {4994E907-BA7C-4B93-BD30-A2F4BA348E2D}
		{F9C0941C-4807-4EE3-AA14-93DE03B86C5B} = {4994E907-BA7C-4B93-BD30-A2F4BA348E2D}
		{FEB451C1-C820-4B06-B67B-B6E44C8C1349} = {4994E907-BA7C-4B93-BD30-A2F4BA348E2D}
		{45718841-A48F-4371-9962-6CC759E89B7F} = {4ED01328-0F17-40D4-A87F-A516439E8773}
		{49FE2BA3-0A35-48FA-AEEE-E98FCF844B7A} = {45718841-A48F-4371-9962-6CC759E89B7F}
		{B6250F2E-AA17-43AF-A01E-26E20AD2082F} = {4ED01328-0F17-40D4-A87F-A516439E8773}
		{A8B2C115-3D83-44BD-ADD8-371F751AA460} = {4ED01328-0F17-40D4-A87F-A516439E8773}
		{9F426505-C082-4257-8BB2-56B9556F7E74} = {4ED01328-0F17-40D4-A87F-A516439E8773}
		{639AD18E-C13B-4FC3-93D5-115DE97073FC} = {B6250F2E-AA17-43AF-A01E-26E20AD2082F}
		{42AAA216-9001-487E-BD69-BC9EE0DA7EFF} = {A8B2C115-3D83-44BD-ADD8-371F751AA460}
		{00C98229-7BB0-4131-887A-170BE2374C8D} = {9F426505-C082-4257-8BB2-56B9556F7E74}
	EndGlobalSection
	GlobalSection(ExtensibilityGlobals) = postSolution
		SolutionGuid = {ADA15DFD-7CF2-4C69-A841-1C84DA246A09}
	EndGlobalSection
EndGlobal
